
Microsoft Visual Studio Solution File, Format Version 12.00
# Visual Studio Version 17
VisualStudioVersion = 17.5.33516.290
MinimumVisualStudioVersion = 10.0.40219.1
Project("{FAE04EC0-301F-11D3-BF4B-00C04F79EFBC}") = "exercicio_03", "exercicio_03.csproj", "{27A245EB-940B-447A-92D4-BE725F7A1EC9}"
EndProject
Global
	GlobalSection(SolutionConfigurationPlatforms) = preSolution
		Debug|Any CPU = Debug|Any CPU
		Release|Any CPU = Release|Any CPU
	EndGlobalSection
	GlobalSection(ProjectConfigurationPlatforms) = postSolution
		{27A245EB-940B-447A-92D4-BE725F7A1EC9}.Debug|Any CPU.ActiveCfg = Debug|Any CPU
		{27A245EB-940B-447A-92D4-BE725F7A1EC9}.Debug|Any CPU.Build.0 = Debug|Any CPU
		{27A245EB-940B-447A-92D4-BE725F7A1EC9}.Release|Any CPU.ActiveCfg = Release|Any CPU
		{27A245EB-940B-447A-92D4-BE725F7A1EC9}.Release|Any CPU.Build.0 = Release|Any CPU
	EndGlobalSection
	GlobalSection(SolutionProperties) = preSolution
		HideSolutionNode = FALSE
	EndGlobalSection
	GlobalSection(ExtensibilityGlobals) = postSolution
		SolutionGuid = {AFA88A9C-2F3A-4FDB-95B3-0781D5055D96}
	EndGlobalSection
EndGlobal
