
Microsoft Visual Studio Solution File, Format Version 12.00
# Visual Studio Version 17
VisualStudioVersion = 17.5.33516.290
MinimumVisualStudioVersion = 10.0.40219.1
Project("{FAE04EC0-301F-11D3-BF4B-00C04F79EFBC}") = "Escola", "Escola.csproj", "{8B3CF908-772F-41D5-9499-17377B4C4145}"
EndProject
Global
	GlobalSection(SolutionConfigurationPlatforms) = preSolution
		Debug|Any CPU = Debug|Any CPU
		Release|Any CPU = Release|Any CPU
	EndGlobalSection
	GlobalSection(ProjectConfigurationPlatforms) = postSolution
		{8B3CF908-772F-41D5-9499-17377B4C4145}.Debug|Any CPU.ActiveCfg = Debug|Any CPU
		{8B3CF908-772F-41D5-9499-17377B4C4145}.Debug|Any CPU.Build.0 = Debug|Any CPU
		{8B3CF908-772F-41D5-9499-17377B4C4145}.Release|Any CPU.ActiveCfg = Release|Any CPU
		{8B3CF908-772F-41D5-9499-17377B4C4145}.Release|Any CPU.Build.0 = Release|Any CPU
	EndGlobalSection
	GlobalSection(SolutionProperties) = preSolution
		HideSolutionNode = FALSE
	EndGlobalSection
	GlobalSection(ExtensibilityGlobals) = postSolution
		SolutionGuid = {3E5E7C05-F934-452C-AB6B-CFE9131C0ED0}
	EndGlobalSection
EndGlobal
