
Microsoft Visual Studio Solution File, Format Version 12.00
# Visual Studio Version 17
VisualStudioVersion = 17.5.33516.290
MinimumVisualStudioVersion = 10.0.40219.1
Project("{9A19103F-16F7-4668-BE54-9A1E7A4F7556}") = "exercicio2_5", "exercicio2_5.csproj", "{13E8E86A-EFE7-48B6-B469-4AC274AF591C}"
EndProject
Global
	GlobalSection(SolutionConfigurationPlatforms) = preSolution
		Debug|Any CPU = Debug|Any CPU
		Release|Any CPU = Release|Any CPU
	EndGlobalSection
	GlobalSection(ProjectConfigurationPlatforms) = postSolution
		{13E8E86A-EFE7-48B6-B469-4AC274AF591C}.Debug|Any CPU.ActiveCfg = Debug|Any CPU
		{13E8E86A-EFE7-48B6-B469-4AC274AF591C}.Debug|Any CPU.Build.0 = Debug|Any CPU
		{13E8E86A-EFE7-48B6-B469-4AC274AF591C}.Release|Any CPU.ActiveCfg = Release|Any CPU
		{13E8E86A-EFE7-48B6-B469-4AC274AF591C}.Release|Any CPU.Build.0 = Release|Any CPU
	EndGlobalSection
	GlobalSection(SolutionProperties) = preSolution
		HideSolutionNode = FALSE
	EndGlobalSection
	GlobalSection(ExtensibilityGlobals) = postSolution
		SolutionGuid = {42725980-FF71-4D95-86DD-C67315B0093D}
	EndGlobalSection
EndGlobal
